
Microsoft Visual Studio Solution File, Format Version 12.00
# Visual Studio Version 17
VisualStudioVersion = 17.3.32929.385
MinimumVisualStudioVersion = 10.0.40219.1
Project("{9A19103F-16F7-4668-BE54-9A1E7A4F7556}") = "Data", "Data\Data.csproj", "{6EC9415F-B03A-41DC-9388-73C6784A8963}"
EndProject
Project("{9A19103F-16F7-4668-BE54-9A1E7A4F7556}") = "Business", "Business\Business.csproj", "{EBF198DA-2BAB-495D-88EF-30BD91B90D46}"
EndProject
Project("{9A19103F-16F7-4668-BE54-9A1E7A4F7556}") = "WebApp", "WebApp\WebApp.csproj", "{0726A658-12AD-4D9E-AE9B-5A9FF0AF2E19}"
EndProject
Project("{FAE04EC0-301F-11D3-BF4B-00C04F79EFBC}") = "Tests", "Tests\Tests.csproj", "{81D38B2B-726A-440A-AB0A-8E97CC1B0610}"
EndProject
Global
	GlobalSection(SolutionConfigurationPlatforms) = preSolution
		Debug|Any CPU = Debug|Any CPU
		Release|Any CPU = Release|Any CPU
	EndGlobalSection
	GlobalSection(ProjectConfigurationPlatforms) = postSolution
		{6EC9415F-B03A-41DC-9388-73C6784A8963}.Debug|Any CPU.ActiveCfg = Debug|Any CPU
		{6EC9415F-B03A-41DC-9388-73C6784A8963}.Debug|Any CPU.Build.0 = Debug|Any CPU
		{6EC9415F-B03A-41DC-9388-73C6784A8963}.Release|Any CPU.ActiveCfg = Release|Any CPU
		{6EC9415F-B03A-41DC-9388-73C6784A8963}.Release|Any CPU.Build.0 = Release|Any CPU
		{EBF198DA-2BAB-495D-88EF-30BD91B90D46}.Debug|Any CPU.ActiveCfg = Debug|Any CPU
		{EBF198DA-2BAB-495D-88EF-30BD91B90D46}.Debug|Any CPU.Build.0 = Debug|Any CPU
		{EBF198DA-2BAB-495D-88EF-30BD91B90D46}.Release|Any CPU.ActiveCfg = Release|Any CPU
		{EBF198DA-2BAB-495D-88EF-30BD91B90D46}.Release|Any CPU.Build.0 = Release|Any CPU
		{0726A658-12AD-4D9E-AE9B-5A9FF0AF2E19}.Debug|Any CPU.ActiveCfg = Debug|Any CPU
		{0726A658-12AD-4D9E-AE9B-5A9FF0AF2E19}.Debug|Any CPU.Build.0 = Debug|Any CPU
		{0726A658-12AD-4D9E-AE9B-5A9FF0AF2E19}.Release|Any CPU.ActiveCfg = Release|Any CPU
		{0726A658-12AD-4D9E-AE9B-5A9FF0AF2E19}.Release|Any CPU.Build.0 = Release|Any CPU
		{81D38B2B-726A-440A-AB0A-8E97CC1B0610}.Debug|Any CPU.ActiveCfg = Debug|Any CPU
		{81D38B2B-726A-440A-AB0A-8E97CC1B0610}.Debug|Any CPU.Build.0 = Debug|Any CPU
		{81D38B2B-726A-440A-AB0A-8E97CC1B0610}.Release|Any CPU.ActiveCfg = Release|Any CPU
		{81D38B2B-726A-440A-AB0A-8E97CC1B0610}.Release|Any CPU.Build.0 = Release|Any CPU
	EndGlobalSection
	GlobalSection(SolutionProperties) = preSolution
		HideSolutionNode = FALSE
	EndGlobalSection
	GlobalSection(ExtensibilityGlobals) = postSolution
		SolutionGuid = {B77E7B5A-1471-44CA-AE96-4114712D5A0F}
	EndGlobalSection
EndGlobal
